
Microsoft Visual Studio Solution File, Format Version 12.00
# Visual Studio 15
VisualStudioVersion = 15.0.28307.168
MinimumVisualStudioVersion = 10.0.40219.1
Project("{FAE04EC0-301F-11D3-BF4B-00C04F79EFBC}") = "Esam", "Esam\Esam.csproj", "{C4B3DEE7-3094-4F5C-B3F4-C177706F2889}"
EndProject
Global
	GlobalSection(SolutionConfigurationPlatforms) = preSolution
		Debug|Any CPU = Debug|Any CPU
		Release|Any CPU = Release|Any CPU
	EndGlobalSection
	GlobalSection(ProjectConfigurationPlatforms) = postSolution
		{C4B3DEE7-3094-4F5C-B3F4-C177706F2889}.Debug|Any CPU.ActiveCfg = Debug|Any CPU
		{C4B3DEE7-3094-4F5C-B3F4-C177706F2889}.Debug|Any CPU.Build.0 = Debug|Any CPU
		{C4B3DEE7-3094-4F5C-B3F4-C177706F2889}.Release|Any CPU.ActiveCfg = Release|Any CPU
		{C4B3DEE7-3094-4F5C-B3F4-C177706F2889}.Release|Any CPU.Build.0 = Release|Any CPU
	EndGlobalSection
	GlobalSection(SolutionProperties) = preSolution
		HideSolutionNode = FALSE
	EndGlobalSection
	GlobalSection(ExtensibilityGlobals) = postSolution
		SolutionGuid = {4AE0952F-4FA9-4EFE-9CE3-F122E2730D20}
	EndGlobalSection
EndGlobal
